
Microsoft Visual Studio Solution File, Format Version 12.00
# Visual Studio 15
VisualStudioVersion = 15.0.28010.2036
MinimumVisualStudioVersion = 10.0.40219.1
Project("{2150E333-8FDC-42A3-9474-1A3956D46DE8}") = "src", "src", "{3BF7609B-8637-4C98-AA2F-D6CF3B13291E}"
EndProject
Project("{2150E333-8FDC-42A3-9474-1A3956D46DE8}") = "test", "test", "{CDF704F2-094F-4C32-9473-A813854D8BE8}"
EndProject
Project("{FAE04EC0-301F-11D3-BF4B-00C04F79EFBC}") = "Aurochses.Data.EntityFrameworkCore", "src\Aurochses.Data.EntityFrameworkCore\Aurochses.Data.EntityFrameworkCore.csproj", "{59ECF789-2ED4-4833-A3C8-9EA97EE59C48}"
EndProject
Project("{FAE04EC0-301F-11D3-BF4B-00C04F79EFBC}") = "Aurochses.Data.EntityFrameworkCore.Tests", "test\Aurochses.Data.EntityFrameworkCore.Tests\Aurochses.Data.EntityFrameworkCore.Tests.csproj", "{F3A08C73-9345-4B75-9C2F-2DE925EF6519}"
EndProject
Global
	GlobalSection(SolutionConfigurationPlatforms) = preSolution
		Debug|Any CPU = Debug|Any CPU
		Release|Any CPU = Release|Any CPU
	EndGlobalSection
	GlobalSection(ProjectConfigurationPlatforms) = postSolution
		{59ECF789-2ED4-4833-A3C8-9EA97EE59C48}.Debug|Any CPU.ActiveCfg = Debug|Any CPU
		{59ECF789-2ED4-4833-A3C8-9EA97EE59C48}.Debug|Any CPU.Build.0 = Debug|Any CPU
		{59ECF789-2ED4-4833-A3C8-9EA97EE59C48}.Release|Any CPU.ActiveCfg = Release|Any CPU
		{59ECF789-2ED4-4833-A3C8-9EA97EE59C48}.Release|Any CPU.Build.0 = Release|Any CPU
		{F3A08C73-9345-4B75-9C2F-2DE925EF6519}.Debug|Any CPU.ActiveCfg = Debug|Any CPU
		{F3A08C73-9345-4B75-9C2F-2DE925EF6519}.Debug|Any CPU.Build.0 = Debug|Any CPU
		{F3A08C73-9345-4B75-9C2F-2DE925EF6519}.Release|Any CPU.ActiveCfg = Release|Any CPU
		{F3A08C73-9345-4B75-9C2F-2DE925EF6519}.Release|Any CPU.Build.0 = Release|Any CPU
	EndGlobalSection
	GlobalSection(SolutionProperties) = preSolution
		HideSolutionNode = FALSE
	EndGlobalSection
	GlobalSection(NestedProjects) = preSolution
		{59ECF789-2ED4-4833-A3C8-9EA97EE59C48} = {3BF7609B-8637-4C98-AA2F-D6CF3B13291E}
		{F3A08C73-9345-4B75-9C2F-2DE925EF6519} = {CDF704F2-094F-4C32-9473-A813854D8BE8}
	EndGlobalSection
	GlobalSection(ExtensibilityGlobals) = postSolution
		SolutionGuid = {1D7F7045-B121-4C49-A3C2-3B8DBADC57E8}
	EndGlobalSection
EndGlobal
